
Microsoft Visual Studio Solution File, Format Version 12.00
# Visual Studio Version 16
VisualStudioVersion = 16.0.30011.22
MinimumVisualStudioVersion = 10.0.40219.1
Project("{FAE04EC0-301F-11D3-BF4B-00C04F79EFBC}") = "Sample2", "Sample2\Sample2.csproj", "{7C318F90-F61C-4BCC-921C-A0B189A8362E}"
EndProject
Global
	GlobalSection(SolutionConfigurationPlatforms) = preSolution
		Debug|Any CPU = Debug|Any CPU
		Release|Any CPU = Release|Any CPU
	EndGlobalSection
	GlobalSection(ProjectConfigurationPlatforms) = postSolution
		{7C318F90-F61C-4BCC-921C-A0B189A8362E}.Debug|Any CPU.ActiveCfg = Debug|Any CPU
		{7C318F90-F61C-4BCC-921C-A0B189A8362E}.Debug|Any CPU.Build.0 = Debug|Any CPU
		{7C318F90-F61C-4BCC-921C-A0B189A8362E}.Release|Any CPU.ActiveCfg = Release|Any CPU
		{7C318F90-F61C-4BCC-921C-A0B189A8362E}.Release|Any CPU.Build.0 = Release|Any CPU
	EndGlobalSection
	GlobalSection(SolutionProperties) = preSolution
		HideSolutionNode = FALSE
	EndGlobalSection
	GlobalSection(ExtensibilityGlobals) = postSolution
		SolutionGuid = {27D042D3-4B2B-4284-A3A4-234A76628ACB}
	EndGlobalSection
EndGlobal
